# generated by rye
# use `rye lock` or `rye sync` to update this lockfile
#
# last locked with the following flags:
#   pre: false
#   features: []
#   all-features: false
#   with-sources: false
#   generate-hashes: false
#   universal: false

-e file:.
hypersync==0.8.3
    # via hypermanager
numpy==2.1.1
    # via pyarrow
polars==1.6.0
    # via hypermanager
pyarrow==17.0.0
    # via hypermanager
strenum==0.4.15
    # via hypersync
